// !$*UTF8*$!
{
	archiveVersion = 1;
	classes = {
	};
	objectVersion = 77;
	objects = {

/* Begin PBXBuildFile section */
		A8C1786D0D0047CD8E98469A /* CodeMind in Frameworks */ = {isa = PBXBuildFile; productRef = 450CBDF0A6724CD088E650F9 /* CodeMind */; };
		EF7B667D2ECD49B80002FEED /* MediaManager.swift in Sources */ = {isa = PBXBuildFile; fileRef = EF7B667C2ECD49B10002FEED /* MediaManager.swift */; };
		EF9222E22ECFA7D500DD3992 /* Sparkle in Frameworks */ = {isa = PBXBuildFile; productRef = EF9222E12ECFA7D500DD3992 /* Sparkle */; };
/* End PBXBuildFile section */

/* Begin PBXContainerItemProxy section */
		EF7B66602ECD48C90002FEED /* PBXContainerItemProxy */ = {
			isa = PBXContainerItemProxy;
			containerPortal = EF7B664A2ECD48C80002FEED /* Project object */;
			proxyType = 1;
			remoteGlobalIDString = EF7B66512ECD48C80002FEED;
			remoteInfo = MediaDash;
		};
		EF7B666A2ECD48C90002FEED /* PBXContainerItemProxy */ = {
			isa = PBXContainerItemProxy;
			containerPortal = EF7B664A2ECD48C80002FEED /* Project object */;
			proxyType = 1;
			remoteGlobalIDString = EF7B66512ECD48C80002FEED;
			remoteInfo = MediaDash;
		};
/* End PBXContainerItemProxy section */

/* Begin PBXFileReference section */
		EF7B66522ECD48C80002FEED /* MediaDash.app */ = {isa = PBXFileReference; explicitFileType = wrapper.application; includeInIndex = 0; path = MediaDash.app; sourceTree = BUILT_PRODUCTS_DIR; };
		EF7B665F2ECD48C90002FEED /* MediaDashTests.xctest */ = {isa = PBXFileReference; explicitFileType = wrapper.cfbundle; includeInIndex = 0; path = MediaDashTests.xctest; sourceTree = BUILT_PRODUCTS_DIR; };
		EF7B66692ECD48C90002FEED /* MediaDashUITests.xctest */ = {isa = PBXFileReference; explicitFileType = wrapper.cfbundle; includeInIndex = 0; path = MediaDashUITests.xctest; sourceTree = BUILT_PRODUCTS_DIR; };
		EF7B667C2ECD49B10002FEED /* MediaManager.swift */ = {isa = PBXFileReference; lastKnownFileType = sourcecode.swift; path = MediaManager.swift; sourceTree = "<group>"; };
/* End PBXFileReference section */

/* Begin PBXFileSystemSynchronizedBuildFileExceptionSet section */
		EF9223132ECFB58100DD3992 /* Exceptions for "MediaDash" folder in "MediaDash" target */ = {
			isa = PBXFileSystemSynchronizedBuildFileExceptionSet;
			membershipExceptions = (
				Info.plist,
			);
			target = EF7B66512ECD48C80002FEED /* MediaDash */;
		};
/* End PBXFileSystemSynchronizedBuildFileExceptionSet section */

/* Begin PBXFileSystemSynchronizedRootGroup section */
		EF7B66542ECD48C80002FEED /* MediaDash */ = {
			isa = PBXFileSystemSynchronizedRootGroup;
			exceptions = (
				EF9223132ECFB58100DD3992 /* Exceptions for "MediaDash" folder in "MediaDash" target */,
			);
			path = MediaDash;
			sourceTree = "<group>";
		};
		EF7B66622ECD48C90002FEED /* MediaDashTests */ = {
			isa = PBXFileSystemSynchronizedRootGroup;
			path = MediaDashTests;
			sourceTree = "<group>";
		};
		EF7B666C2ECD48C90002FEED /* MediaDashUITests */ = {
			isa = PBXFileSystemSynchronizedRootGroup;
			path = MediaDashUITests;
			sourceTree = "<group>";
		};
/* End PBXFileSystemSynchronizedRootGroup section */

/* Begin PBXFrameworksBuildPhase section */
		EF7B664F2ECD48C80002FEED /* Frameworks */ = {
			isa = PBXFrameworksBuildPhase;
			buildActionMask = 2147483647;
			files = (
				EF9222E22ECFA7D500DD3992 /* Sparkle in Frameworks */,
				A8C1786D0D0047CD8E98469A /* CodeMind in Frameworks */,
			);
			runOnlyForDeploymentPostprocessing = 0;
		};
		EF7B665C2ECD48C90002FEED /* Frameworks */ = {
			isa = PBXFrameworksBuildPhase;
			buildActionMask = 2147483647;
			files = (
			);
			runOnlyForDeploymentPostprocessing = 0;
		};
		EF7B66662ECD48C90002FEED /* Frameworks */ = {
			isa = PBXFrameworksBuildPhase;
			buildActionMask = 2147483647;
			files = (
			);
			runOnlyForDeploymentPostprocessing = 0;
		};
/* End PBXFrameworksBuildPhase section */

/* Begin PBXGroup section */
		EF7B66492ECD48C80002FEED = {
			isa = PBXGroup;
			children = (
				EF7B667C2ECD49B10002FEED /* MediaManager.swift */,
				EF7B66542ECD48C80002FEED /* MediaDash */,
				EF7B66622ECD48C90002FEED /* MediaDashTests */,
				EF7B666C2ECD48C90002FEED /* MediaDashUITests */,
				EF7B66532ECD48C80002FEED /* Products */,
			);
			sourceTree = "<group>";
		};
		EF7B66532ECD48C80002FEED /* Products */ = {
			isa = PBXGroup;
			children = (
				EF7B66522ECD48C80002FEED /* MediaDash.app */,
				EF7B665F2ECD48C90002FEED /* MediaDashTests.xctest */,
				EF7B66692ECD48C90002FEED /* MediaDashUITests.xctest */,
			);
			name = Products;
			sourceTree = "<group>";
		};
/* End PBXGroup section */

/* Begin PBXNativeTarget section */
		EF7B66512ECD48C80002FEED /* MediaDash */ = {
			isa = PBXNativeTarget;
			buildConfigurationList = EF7B66732ECD48C90002FEED /* Build configuration list for PBXNativeTarget "MediaDash" */;
			buildPhases = (
				EF7B664E2ECD48C80002FEED /* Sources */,
				EF7B664F2ECD48C80002FEED /* Frameworks */,
				EF7B66502ECD48C80002FEED /* Resources */,
			);
			buildRules = (
			);
			dependencies = (
			);
			fileSystemSynchronizedGroups = (
				EF7B66542ECD48C80002FEED /* MediaDash */,
			);
			name = MediaDash;
			packageProductDependencies = (
				EF9222E12ECFA7D500DD3992 /* Sparkle */,
				450CBDF0A6724CD088E650F9 /* CodeMind */,
			);
			productName = MediaDash;
			productReference = EF7B66522ECD48C80002FEED /* MediaDash.app */;
			productType = "com.apple.product-type.application";
		};
		EF7B665E2ECD48C90002FEED /* MediaDashTests */ = {
			isa = PBXNativeTarget;
			buildConfigurationList = EF7B66762ECD48C90002FEED /* Build configuration list for PBXNativeTarget "MediaDashTests" */;
			buildPhases = (
				EF7B665B2ECD48C90002FEED /* Sources */,
				EF7B665C2ECD48C90002FEED /* Frameworks */,
				EF7B665D2ECD48C90002FEED /* Resources */,
			);
			buildRules = (
			);
			dependencies = (
				EF7B66612ECD48C90002FEED /* PBXTargetDependency */,
			);
			fileSystemSynchronizedGroups = (
				EF7B66622ECD48C90002FEED /* MediaDashTests */,
			);
			name = MediaDashTests;
			packageProductDependencies = (
			);
			productName = MediaDashTests;
			productReference = EF7B665F2ECD48C90002FEED /* MediaDashTests.xctest */;
			productType = "com.apple.product-type.bundle.unit-test";
		};
		EF7B66682ECD48C90002FEED /* MediaDashUITests */ = {
			isa = PBXNativeTarget;
			buildConfigurationList = EF7B66792ECD48C90002FEED /* Build configuration list for PBXNativeTarget "MediaDashUITests" */;
			buildPhases = (
				EF7B66652ECD48C90002FEED /* Sources */,
				EF7B66662ECD48C90002FEED /* Frameworks */,
				EF7B66672ECD48C90002FEED /* Resources */,
			);
			buildRules = (
			);
			dependencies = (
				EF7B666B2ECD48C90002FEED /* PBXTargetDependency */,
			);
			fileSystemSynchronizedGroups = (
				EF7B666C2ECD48C90002FEED /* MediaDashUITests */,
			);
			name = MediaDashUITests;
			packageProductDependencies = (
			);
			productName = MediaDashUITests;
			productReference = EF7B66692ECD48C90002FEED /* MediaDashUITests.xctest */;
			productType = "com.apple.product-type.bundle.ui-testing";
		};
/* End PBXNativeTarget section */

/* Begin PBXProject section */
		EF7B664A2ECD48C80002FEED /* Project object */ = {
			isa = PBXProject;
			attributes = {
				BuildIndependentTargetsInParallel = 1;
				LastSwiftUpdateCheck = 2610;
				LastUpgradeCheck = 2610;
				TargetAttributes = {
					EF7B66512ECD48C80002FEED = {
						CreatedOnToolsVersion = 26.1.1;
					};
					EF7B665E2ECD48C90002FEED = {
						CreatedOnToolsVersion = 26.1.1;
						TestTargetID = EF7B66512ECD48C80002FEED;
					};
					EF7B66682ECD48C90002FEED = {
						CreatedOnToolsVersion = 26.1.1;
						TestTargetID = EF7B66512ECD48C80002FEED;
					};
				};
			};
			buildConfigurationList = EF7B664D2ECD48C80002FEED /* Build configuration list for PBXProject "MediaDash" */;
			developmentRegion = en;
			hasScannedForEncodings = 0;
			knownRegions = (
				en,
				Base,
			);
			mainGroup = EF7B66492ECD48C80002FEED;
			minimizedProjectReferenceProxies = 1;
			packageReferences = (
				EF9222E02ECFA7D500DD3992 /* XCRemoteSwiftPackageReference "Sparkle" */,
				5E8623462EEE46D48E1AFA7B /* XCLocalSwiftPackageReference "../Packages/CodeMind" */,
			);
			preferredProjectObjectVersion = 77;
			productRefGroup = EF7B66532ECD48C80002FEED /* Products */;
			projectDirPath = "";
			projectRoot = "";
			targets = (
				EF7B66512ECD48C80002FEED /* MediaDash */,
				EF7B665E2ECD48C90002FEED /* MediaDashTests */,
				EF7B66682ECD48C90002FEED /* MediaDashUITests */,
			);
		};
/* End PBXProject section */

/* Begin PBXResourcesBuildPhase section */
		EF7B66502ECD48C80002FEED /* Resources */ = {
			isa = PBXResourcesBuildPhase;
			buildActionMask = 2147483647;
			files = (
			);
			runOnlyForDeploymentPostprocessing = 0;
		};
		EF7B665D2ECD48C90002FEED /* Resources */ = {
			isa = PBXResourcesBuildPhase;
			buildActionMask = 2147483647;
			files = (
			);
			runOnlyForDeploymentPostprocessing = 0;
		};
		EF7B66672ECD48C90002FEED /* Resources */ = {
			isa = PBXResourcesBuildPhase;
			buildActionMask = 2147483647;
			files = (
			);
			runOnlyForDeploymentPostprocessing = 0;
		};
/* End PBXResourcesBuildPhase section */

/* Begin PBXSourcesBuildPhase section */
		EF7B664E2ECD48C80002FEED /* Sources */ = {
			isa = PBXSourcesBuildPhase;
			buildActionMask = 2147483647;
			files = (
				EF7B667D2ECD49B80002FEED /* MediaManager.swift in Sources */,
			);
			runOnlyForDeploymentPostprocessing = 0;
		};
		EF7B665B2ECD48C90002FEED /* Sources */ = {
			isa = PBXSourcesBuildPhase;
			buildActionMask = 2147483647;
			files = (
			);
			runOnlyForDeploymentPostprocessing = 0;
		};
		EF7B66652ECD48C90002FEED /* Sources */ = {
			isa = PBXSourcesBuildPhase;
			buildActionMask = 2147483647;
			files = (
			);
			runOnlyForDeploymentPostprocessing = 0;
		};
/* End PBXSourcesBuildPhase section */

/* Begin PBXTargetDependency section */
		EF7B66612ECD48C90002FEED /* PBXTargetDependency */ = {
			isa = PBXTargetDependency;
			target = EF7B66512ECD48C80002FEED /* MediaDash */;
			targetProxy = EF7B66602ECD48C90002FEED /* PBXContainerItemProxy */;
		};
		EF7B666B2ECD48C90002FEED /* PBXTargetDependency */ = {
			isa = PBXTargetDependency;
			target = EF7B66512ECD48C80002FEED /* MediaDash */;
			targetProxy = EF7B666A2ECD48C90002FEED /* PBXContainerItemProxy */;
		};
/* End PBXTargetDependency section */

/* Begin XCBuildConfiguration section */
		EF7B66712ECD48C90002FEED /* Debug */ = {
			isa = XCBuildConfiguration;
			buildSettings = {
				ALWAYS_SEARCH_USER_PATHS = NO;
				ASSETCATALOG_COMPILER_GENERATE_SWIFT_ASSET_SYMBOL_EXTENSIONS = YES;
				CLANG_ANALYZER_NONNULL = YES;
				CLANG_ANALYZER_NUMBER_OBJECT_CONVERSION = YES_AGGRESSIVE;
				CLANG_CXX_LANGUAGE_STANDARD = "gnu++20";
				CLANG_ENABLE_MODULES = YES;
				CLANG_ENABLE_OBJC_ARC = YES;
				CLANG_ENABLE_OBJC_WEAK = YES;
				CLANG_WARN_BLOCK_CAPTURE_AUTORELEASING = YES;
				CLANG_WARN_BOOL_CONVERSION = YES;
				CLANG_WARN_COMMA = YES;
				CLANG_WARN_CONSTANT_CONVERSION = YES;
				CLANG_WARN_DEPRECATED_OBJC_IMPLEMENTATIONS = YES;
				CLANG_WARN_DIRECT_OBJC_ISA_USAGE = YES_ERROR;
				CLANG_WARN_DOCUMENTATION_COMMENTS = YES;
				CLANG_WARN_EMPTY_BODY = YES;
				CLANG_WARN_ENUM_CONVERSION = YES;
				CLANG_WARN_INFINITE_RECURSION = YES;
				CLANG_WARN_INT_CONVERSION = YES;
				CLANG_WARN_NON_LITERAL_NULL_CONVERSION = YES;
				CLANG_WARN_OBJC_IMPLICIT_RETAIN_SELF = YES;
				CLANG_WARN_OBJC_LITERAL_CONVERSION = YES;
				CLANG_WARN_OBJC_ROOT_CLASS = YES_ERROR;
				CLANG_WARN_QUOTED_INCLUDE_IN_FRAMEWORK_HEADER = YES;
				CLANG_WARN_RANGE_LOOP_ANALYSIS = YES;
				CLANG_WARN_STRICT_PROTOTYPES = YES;
				CLANG_WARN_SUSPICIOUS_MOVE = YES;
				CLANG_WARN_UNGUARDED_AVAILABILITY = YES_AGGRESSIVE;
				CLANG_WARN_UNREACHABLE_CODE = YES;
				CLANG_WARN__DUPLICATE_METHOD_MATCH = YES;
				COPY_PHASE_STRIP = NO;
				DEBUG_INFORMATION_FORMAT = dwarf;
				DEVELOPMENT_TEAM = 9XPBY59H89;
				ENABLE_STRICT_OBJC_MSGSEND = YES;
				ENABLE_TESTABILITY = YES;
				ENABLE_USER_SCRIPT_SANDBOXING = YES;
				GCC_C_LANGUAGE_STANDARD = gnu17;
				GCC_DYNAMIC_NO_PIC = NO;
				GCC_NO_COMMON_BLOCKS = YES;
				GCC_OPTIMIZATION_LEVEL = 0;
				GCC_PREPROCESSOR_DEFINITIONS = (
					"DEBUG=1",
					"$(inherited)",
				);
				GCC_WARN_64_TO_32_BIT_CONVERSION = YES;
				GCC_WARN_ABOUT_RETURN_TYPE = YES_ERROR;
				GCC_WARN_UNDECLARED_SELECTOR = YES;
				GCC_WARN_UNINITIALIZED_AUTOS = YES_AGGRESSIVE;
				GCC_WARN_UNUSED_FUNCTION = YES;
				GCC_WARN_UNUSED_VARIABLE = YES;
				LOCALIZATION_PREFERS_STRING_CATALOGS = YES;
				MACOSX_DEPLOYMENT_TARGET = 14.0;
				MTL_ENABLE_DEBUG_INFO = INCLUDE_SOURCE;
				MTL_FAST_MATH = YES;
				ONLY_ACTIVE_ARCH = YES;
				SDKROOT = macosx;
				SWIFT_ACTIVE_COMPILATION_CONDITIONS = "DEBUG $(inherited)";
				SWIFT_OPTIMIZATION_LEVEL = "-Onone";
			};
			name = Debug;
		};
		EF7B66722ECD48C90002FEED /* Release */ = {
			isa = XCBuildConfiguration;
			buildSettings = {
				ALWAYS_SEARCH_USER_PATHS = NO;
				ASSETCATALOG_COMPILER_GENERATE_SWIFT_ASSET_SYMBOL_EXTENSIONS = YES;
				CLANG_ANALYZER_NONNULL = YES;
				CLANG_ANALYZER_NUMBER_OBJECT_CONVERSION = YES_AGGRESSIVE;
				CLANG_CXX_LANGUAGE_STANDARD = "gnu++20";
				CLANG_ENABLE_MODULES = YES;
				CLANG_ENABLE_OBJC_ARC = YES;
				CLANG_ENABLE_OBJC_WEAK = YES;
				CLANG_WARN_BLOCK_CAPTURE_AUTORELEASING = YES;
				CLANG_WARN_BOOL_CONVERSION = YES;
				CLANG_WARN_COMMA = YES;
				CLANG_WARN_CONSTANT_CONVERSION = YES;
				CLANG_WARN_DEPRECATED_OBJC_IMPLEMENTATIONS = YES;
				CLANG_WARN_DIRECT_OBJC_ISA_USAGE = YES_ERROR;
				CLANG_WARN_DOCUMENTATION_COMMENTS = YES;
				CLANG_WARN_EMPTY_BODY = YES;
				CLANG_WARN_ENUM_CONVERSION = YES;
				CLANG_WARN_INFINITE_RECURSION = YES;
				CLANG_WARN_INT_CONVERSION = YES;
				CLANG_WARN_NON_LITERAL_NULL_CONVERSION = YES;
				CLANG_WARN_OBJC_IMPLICIT_RETAIN_SELF = YES;
				CLANG_WARN_OBJC_LITERAL_CONVERSION = YES;
				CLANG_WARN_OBJC_ROOT_CLASS = YES_ERROR;
				CLANG_WARN_QUOTED_INCLUDE_IN_FRAMEWORK_HEADER = YES;
				CLANG_WARN_RANGE_LOOP_ANALYSIS = YES;
				CLANG_WARN_STRICT_PROTOTYPES = YES;
				CLANG_WARN_SUSPICIOUS_MOVE = YES;
				CLANG_WARN_UNGUARDED_AVAILABILITY = YES_AGGRESSIVE;
				CLANG_WARN_UNREACHABLE_CODE = YES;
				CLANG_WARN__DUPLICATE_METHOD_MATCH = YES;
				COPY_PHASE_STRIP = NO;
				DEBUG_INFORMATION_FORMAT = "dwarf-with-dsym";
				DEVELOPMENT_TEAM = 9XPBY59H89;
				ENABLE_NS_ASSERTIONS = NO;
				ENABLE_STRICT_OBJC_MSGSEND = YES;
				ENABLE_USER_SCRIPT_SANDBOXING = YES;
				GCC_C_LANGUAGE_STANDARD = gnu17;
				GCC_NO_COMMON_BLOCKS = YES;
				GCC_WARN_64_TO_32_BIT_CONVERSION = YES;
				GCC_WARN_ABOUT_RETURN_TYPE = YES_ERROR;
				GCC_WARN_UNDECLARED_SELECTOR = YES;
				GCC_WARN_UNINITIALIZED_AUTOS = YES_AGGRESSIVE;
				GCC_WARN_UNUSED_FUNCTION = YES;
				GCC_WARN_UNUSED_VARIABLE = YES;
				LOCALIZATION_PREFERS_STRING_CATALOGS = YES;
				MACOSX_DEPLOYMENT_TARGET = 14.0;
				MTL_ENABLE_DEBUG_INFO = NO;
				MTL_FAST_MATH = YES;
				SDKROOT = macosx;
				SWIFT_COMPILATION_MODE = wholemodule;
			};
			name = Release;
		};
		EF7B66742ECD48C90002FEED /* Debug */ = {
			isa = XCBuildConfiguration;
			buildSettings = {
				ASSETCATALOG_COMPILER_APPICON_NAME = AppIcon;
				ASSETCATALOG_COMPILER_GLOBAL_ACCENT_COLOR_NAME = AccentColor;
				CODE_SIGN_STYLE = Automatic;
				COMBINE_HIDPI_IMAGES = YES;
				CURRENT_PROJECT_VERSION = 92;
				DEVELOPMENT_TEAM = 9XPBY59H89;
				ENABLE_APP_SANDBOX = NO;
				ENABLE_HARDENED_RUNTIME = YES;
				ENABLE_PREVIEWS = YES;
				GENERATE_INFOPLIST_FILE = YES;
				INFOPLIST_FILE = MediaDash/Info.plist;
				INFOPLIST_KEY_LSApplicationCategoryType = "public.app-category.productivity";
				INFOPLIST_KEY_NSAppleEventsUsageDescription = "MediaDash needs to talk to Finder to see what you selected.";
				INFOPLIST_KEY_NSHumanReadableCopyright = "";
				LD_RUNPATH_SEARCH_PATHS = (
					"$(inherited)",
					"@executable_path/../Frameworks",
				);
				MACOSX_DEPLOYMENT_TARGET = 14.6;
				MARKETING_VERSION = 0.9.2;
				PRODUCT_BUNDLE_IDENTIFIER = mattfasullo.MediaDash;
				PRODUCT_NAME = "$(TARGET_NAME)";
				REGISTER_APP_GROUPS = YES;
				STRING_CATALOG_GENERATE_SYMBOLS = YES;
				SWIFT_APPROACHABLE_CONCURRENCY = YES;
				SWIFT_DEFAULT_ACTOR_ISOLATION = MainActor;
				SWIFT_EMIT_LOC_STRINGS = YES;
				SWIFT_UPCOMING_FEATURE_MEMBER_IMPORT_VISIBILITY = YES;
				SWIFT_VERSION = 5.0;
			};
			name = Debug;
		};
		EF7B66752ECD48C90002FEED /* Release */ = {
			isa = XCBuildConfiguration;
			buildSettings = {
				ASSETCATALOG_COMPILER_APPICON_NAME = AppIcon;
				ASSETCATALOG_COMPILER_GLOBAL_ACCENT_COLOR_NAME = AccentColor;
				CODE_SIGN_STYLE = Automatic;
				COMBINE_HIDPI_IMAGES = YES;
				CURRENT_PROJECT_VERSION = 92;
				DEVELOPMENT_TEAM = 9XPBY59H89;
				ENABLE_APP_SANDBOX = NO;
				ENABLE_HARDENED_RUNTIME = YES;
				ENABLE_PREVIEWS = YES;
				GENERATE_INFOPLIST_FILE = YES;
				INFOPLIST_FILE = MediaDash/Info.plist;
				INFOPLIST_KEY_LSApplicationCategoryType = "public.app-category.productivity";
				INFOPLIST_KEY_NSAppleEventsUsageDescription = "MediaDash needs to talk to Finder to see what you selected.";
				INFOPLIST_KEY_NSHumanReadableCopyright = "";
				LD_RUNPATH_SEARCH_PATHS = (
					"$(inherited)",
					"@executable_path/../Frameworks",
				);
				MACOSX_DEPLOYMENT_TARGET = 14.6;
				MARKETING_VERSION = 0.9.2;
				PRODUCT_BUNDLE_IDENTIFIER = mattfasullo.MediaDash;
				PRODUCT_NAME = "$(TARGET_NAME)";
				REGISTER_APP_GROUPS = YES;
				STRING_CATALOG_GENERATE_SYMBOLS = YES;
				SWIFT_APPROACHABLE_CONCURRENCY = YES;
				SWIFT_DEFAULT_ACTOR_ISOLATION = MainActor;
				SWIFT_EMIT_LOC_STRINGS = YES;
				SWIFT_UPCOMING_FEATURE_MEMBER_IMPORT_VISIBILITY = YES;
				SWIFT_VERSION = 5.0;
			};
			name = Release;
		};
		EF7B66772ECD48C90002FEED /* Debug */ = {
			isa = XCBuildConfiguration;
			buildSettings = {
				BUNDLE_LOADER = "$(TEST_HOST)";
				CODE_SIGN_STYLE = Automatic;
				CURRENT_PROJECT_VERSION = 92;
				DEVELOPMENT_TEAM = 9XPBY59H89;
				GENERATE_INFOPLIST_FILE = YES;
				MACOSX_DEPLOYMENT_TARGET = 14.0;
				MARKETING_VERSION = 0.9.2;
				PRODUCT_BUNDLE_IDENTIFIER = mattfasullo.MediaDashTests;
				PRODUCT_NAME = "$(TARGET_NAME)";
				STRING_CATALOG_GENERATE_SYMBOLS = NO;
				SWIFT_APPROACHABLE_CONCURRENCY = YES;
				SWIFT_EMIT_LOC_STRINGS = NO;
				SWIFT_UPCOMING_FEATURE_MEMBER_IMPORT_VISIBILITY = YES;
				SWIFT_VERSION = 5.0;
				TEST_HOST = "$(BUILT_PRODUCTS_DIR)/MediaDash.app/$(BUNDLE_EXECUTABLE_FOLDER_PATH)/MediaDash";
			};
			name = Debug;
		};
		EF7B66782ECD48C90002FEED /* Release */ = {
			isa = XCBuildConfiguration;
			buildSettings = {
				BUNDLE_LOADER = "$(TEST_HOST)";
				CODE_SIGN_STYLE = Automatic;
				CURRENT_PROJECT_VERSION = 92;
				DEVELOPMENT_TEAM = 9XPBY59H89;
				GENERATE_INFOPLIST_FILE = YES;
				MACOSX_DEPLOYMENT_TARGET = 14.0;
				MARKETING_VERSION = 0.9.2;
				PRODUCT_BUNDLE_IDENTIFIER = mattfasullo.MediaDashTests;
				PRODUCT_NAME = "$(TARGET_NAME)";
				STRING_CATALOG_GENERATE_SYMBOLS = NO;
				SWIFT_APPROACHABLE_CONCURRENCY = YES;
				SWIFT_EMIT_LOC_STRINGS = NO;
				SWIFT_UPCOMING_FEATURE_MEMBER_IMPORT_VISIBILITY = YES;
				SWIFT_VERSION = 5.0;
				TEST_HOST = "$(BUILT_PRODUCTS_DIR)/MediaDash.app/$(BUNDLE_EXECUTABLE_FOLDER_PATH)/MediaDash";
			};
			name = Release;
		};
		EF7B667A2ECD48C90002FEED /* Debug */ = {
			isa = XCBuildConfiguration;
			buildSettings = {
				CODE_SIGN_STYLE = Automatic;
				CURRENT_PROJECT_VERSION = 92;
				DEVELOPMENT_TEAM = 9XPBY59H89;
				GENERATE_INFOPLIST_FILE = YES;
				MARKETING_VERSION = 0.9.2;
				PRODUCT_BUNDLE_IDENTIFIER = mattfasullo.MediaDashUITests;
				PRODUCT_NAME = "$(TARGET_NAME)";
				STRING_CATALOG_GENERATE_SYMBOLS = NO;
				SWIFT_APPROACHABLE_CONCURRENCY = YES;
				SWIFT_EMIT_LOC_STRINGS = NO;
				SWIFT_UPCOMING_FEATURE_MEMBER_IMPORT_VISIBILITY = YES;
				SWIFT_VERSION = 5.0;
				TEST_TARGET_NAME = MediaDash;
			};
			name = Debug;
		};
		EF7B667B2ECD48C90002FEED /* Release */ = {
			isa = XCBuildConfiguration;
			buildSettings = {
				CODE_SIGN_STYLE = Automatic;
				CURRENT_PROJECT_VERSION = 92;
				DEVELOPMENT_TEAM = 9XPBY59H89;
				GENERATE_INFOPLIST_FILE = YES;
				MARKETING_VERSION = 0.9.2;
				PRODUCT_BUNDLE_IDENTIFIER = mattfasullo.MediaDashUITests;
				PRODUCT_NAME = "$(TARGET_NAME)";
				STRING_CATALOG_GENERATE_SYMBOLS = NO;
				SWIFT_APPROACHABLE_CONCURRENCY = YES;
				SWIFT_EMIT_LOC_STRINGS = NO;
				SWIFT_UPCOMING_FEATURE_MEMBER_IMPORT_VISIBILITY = YES;
				SWIFT_VERSION = 5.0;
				TEST_TARGET_NAME = MediaDash;
			};
			name = Release;
		};
/* End XCBuildConfiguration section */

/* Begin XCConfigurationList section */
		EF7B664D2ECD48C80002FEED /* Build configuration list for PBXProject "MediaDash" */ = {
			isa = XCConfigurationList;
			buildConfigurations = (
				EF7B66712ECD48C90002FEED /* Debug */,
				EF7B66722ECD48C90002FEED /* Release */,
			);
			defaultConfigurationIsVisible = 0;
			defaultConfigurationName = Release;
		};
		EF7B66732ECD48C90002FEED /* Build configuration list for PBXNativeTarget "MediaDash" */ = {
			isa = XCConfigurationList;
			buildConfigurations = (
				EF7B66742ECD48C90002FEED /* Debug */,
				EF7B66752ECD48C90002FEED /* Release */,
			);
			defaultConfigurationIsVisible = 0;
			defaultConfigurationName = Release;
		};
		EF7B66762ECD48C90002FEED /* Build configuration list for PBXNativeTarget "MediaDashTests" */ = {
			isa = XCConfigurationList;
			buildConfigurations = (
				EF7B66772ECD48C90002FEED /* Debug */,
				EF7B66782ECD48C90002FEED /* Release */,
			);
			defaultConfigurationIsVisible = 0;
			defaultConfigurationName = Release;
		};
		EF7B66792ECD48C90002FEED /* Build configuration list for PBXNativeTarget "MediaDashUITests" */ = {
			isa = XCConfigurationList;
			buildConfigurations = (
				EF7B667A2ECD48C90002FEED /* Debug */,
				EF7B667B2ECD48C90002FEED /* Release */,
			);
			defaultConfigurationIsVisible = 0;
			defaultConfigurationName = Release;
		};
/* End XCConfigurationList section */

/* Begin XCLocalSwiftPackageReference section */
		5E8623462EEE46D48E1AFA7B /* XCLocalSwiftPackageReference "../Packages/CodeMind" */ = {
			isa = XCLocalSwiftPackageReference;
			relativePath = ../Packages/CodeMind;
		};
/* End XCLocalSwiftPackageReference section */

/* Begin XCRemoteSwiftPackageReference section */
		EF9222E02ECFA7D500DD3992 /* XCRemoteSwiftPackageReference "Sparkle" */ = {
			isa = XCRemoteSwiftPackageReference;
			repositoryURL = "https://github.com/sparkle-project/Sparkle";
			requirement = {
				kind = upToNextMajorVersion;
				minimumVersion = 2.8.1;
			};
		};
/* End XCRemoteSwiftPackageReference section */

/* Begin XCSwiftPackageProductDependency section */
		450CBDF0A6724CD088E650F9 /* CodeMind */ = {
			isa = XCSwiftPackageProductDependency;
			package = 5E8623462EEE46D48E1AFA7B /* XCLocalSwiftPackageReference "../Packages/CodeMind" */;
			productName = CodeMind;
		};
		EF9222E12ECFA7D500DD3992 /* Sparkle */ = {
			isa = XCSwiftPackageProductDependency;
			package = EF9222E02ECFA7D500DD3992 /* XCRemoteSwiftPackageReference "Sparkle" */;
			productName = Sparkle;
		};
/* End XCSwiftPackageProductDependency section */
	};
	rootObject = EF7B664A2ECD48C80002FEED /* Project object */;
}
